github.com/chunhunghan/file_picker v0.0.0-20190701011006-457d50e58024 h1:iSGVYB2jK4jU79SD5NOpizPArgWRMRuvlgm2hH4cbc0=
github.com/chunhunghan/file_picker v0.0.0-20190701011006-457d50e58024/go.mod h1:5byDLpgzrwLvK+bqVCKKxJFjaETBv0ltEB+QSv0Up+g=
github.com/davecgh/go-spew v1.1.0/go.mod h1:J7Y8YcW2NihsgmVo/mv3lAwl/skON4iLHjSsI+c5H38=
github.com/davecgh/go-spew v1.1.1 h1:vj9j/u1bqnvCEfJOwUhtlOARqs3+rkHYY13jYWTU97c=
github.com/davecgh/go-spew v1.1.1/go.mod h1:J7Y8YcW2NihsgmVo/mv3lAwl/skON4iLHjSsI+c5H38=
github.com/gen2brain/dlgs v0.0.0-20180629122906-342edb4c68c1 h1:16o0LcrCHuKADRSOTYxoXTRQpdVo9BDeABauof+9Em8=
github.com/gen2brain/dlgs v0.0.0-20180629122906-342edb4c68c1/go.mod h1:/eFcjDXaU2THSOOqLxOPETIbHETnamk8FA/hMjhg/gU=
github.com/go-flutter-desktop/go-flutter v0.6.0/go.mod h1:bHC0mnEgTyp23W1ymE7PLY1l4jTxGkTBxCnB99dcZFs=
github.com/go-flutter-desktop/go-flutter v0.22.0 h1:DzJ7XrH2IcRkeelz5r3bK2dFkJhGzRGygdd9WsLffY8=
github.com/go-flutter-desktop/go-flutter v0.22.0/go.mod h1:GZYxHYp7lRnt3imJV1d8EWleMv5q9J4S2ONNEqpPOfo=
github.com/go-flutter-desktop/plugins v0.0.0-20190629104740-66331235a531 h1:Y+HTXt5Y7KJdZUV9A3+xjF5PoAeFqIBMj6zJe6oy5fE=
github.com/go-flutter-desktop/plugins/path_provider v0.3.0 h1:ZBdRdE0oNTJ/8tCViILigXH8dKYdK1uWXsz3WYVPY5s=
github.com/go-flutter-desktop/plugins/path_provider v0.3.0/go.mod h1:FG8E26DRVZIICe+xp0gtj/m5BTkiHs8geobLTAAKiCU=
github.com/go-gl/glfw v0.0.0-20190217072633-93b30450e032/go.mod h1:vR7hzQXu2zJy9AVAgeJqvqgH9Q5CA+iKCZ2gyEVpxRU=
github.com/go-gl/glfw v0.0.0-20190519095719-e6da0acd62b1 h1:noz9OnjV5PMOZWNOI+y1cS5rnxuJfpY6leIgQEEdBQw=
github.com/go-gl/glfw v0.0.0-20190519095719-e6da0acd62b1/go.mod h1:vR7hzQXu2zJy9AVAgeJqvqgH9Q5CA+iKCZ2gyEVpxRU=
github.com/mitchellh/go-homedir v1.1.0 h1:lukF9ziXFxDFPkA1vsr5zpc1XuPDn/wFntq5mG+4E0Y=
github.com/mitchellh/go-homedir v1.1.0/go.mod h1:SfyaCUpYCn1Vlf4IUYiD9fPX4A5wJrkLzIz1N1q0pr0=
github.com/pkg/errors v0.8.1 h1:iURUrRGxPUNPdy5/HRSm+Yj6okJ6UtLINN0Q9M4+h3I=
github.com/pkg/errors v0.8.1/go.mod h1:bwawxfHBFNV+L2hUp1rHADufV3IMtnDRdf1r5NINEl0=
github.com/pmezard/go-difflib v1.0.0 h1:4DBwDE0NGyQoBHbLQYPwSUPoCMWR5BEzIk/f1lZbAQM=
github.com/pmezard/go-difflib v1.0.0/go.mod h1:iKH77koFhYxTK1pcRnkKkqfTogsbg7gZNVY4sRDYZ/4=
github.com/stretchr/objx v0.1.0/go.mod h1:HFkY916IF+rwdDfMAkV7OtwuqBVzrE8GR6GFx+wExME=
github.com/stretchr/objx v0.2.0/go.mod h1:qt09Ya8vawLte6SNmTgCsAVtYtaKzEcn8ATUoHMkEqE=
github.com/stretchr/testify v1.3.0 h1:TivCn/peBQ7UY8ooIcPgZFpTNSz0Q2U6UrFlUfqbe0Q=
github.com/stretchr/testify v1.3.0/go.mod h1:M5WIy9Dh21IEIfnGCwXGc5bZfKNJtfHm1UVUgZn+9EI=
